// !$*UTF8*$!
{
	archiveVersion = 1;
	classes = {
	};
	objectVersion = 51;
	objects = {

/* Begin PBXBuildFile section */
		AC0803F22405656F005B8738 /* AppDelegate.swift in Sources */ = {isa = PBXBuildFile; fileRef = AC0803F12405656F005B8738 /* AppDelegate.swift */; };
		AC0803F42405656F005B8738 /* SceneDelegate.swift in Sources */ = {isa = PBXBuildFile; fileRef = AC0803F32405656F005B8738 /* SceneDelegate.swift */; };
		AC0803F62405656F005B8738 /* ViewController.swift in Sources */ = {isa = PBXBuildFile; fileRef = AC0803F52405656F005B8738 /* ViewController.swift */; };
		AC0803F92405656F005B8738 /* Main.storyboard in Resources */ = {isa = PBXBuildFile; fileRef = AC0803F72405656F005B8738 /* Main.storyboard */; };
		AC0803FB24056570005B8738 /* Assets.xcassets in Resources */ = {isa = PBXBuildFile; fileRef = AC0803FA24056570005B8738 /* Assets.xcassets */; };
		AC0803FE24056570005B8738 /* LaunchScreen.storyboard in Resources */ = {isa = PBXBuildFile; fileRef = AC0803FC24056570005B8738 /* LaunchScreen.storyboard */; };
		AC08040B2405689D005B8738 /* User.swift in Sources */ = {isa = PBXBuildFile; fileRef = AC08040A2405689D005B8738 /* User.swift */; };
		AC08041224058C19005B8738 /* DetailViewController.swift in Sources */ = {isa = PBXBuildFile; fileRef = AC08041124058C19005B8738 /* DetailViewController.swift */; };
		DC78336796F89AA965F1BE80 /* Pods_UserList.framework in Frameworks */ = {isa = PBXBuildFile; fileRef = 34E7766D1556C1A5EE5830BF /* Pods_UserList.framework */; };
/* End PBXBuildFile section */

/* Begin PBXFileReference section */
		171AAE2283D620D5CF958D09 /* Pods-UserList.release.xcconfig */ = {isa = PBXFileReference; includeInIndex = 1; lastKnownFileType = text.xcconfig; name = "Pods-UserList.release.xcconfig"; path = "Target Support Files/Pods-UserList/Pods-UserList.release.xcconfig"; sourceTree = "<group>"; };
		2221DB214BCF0FF0E5CFC915 /* Pods-UserList.debug.xcconfig */ = {isa = PBXFileReference; includeInIndex = 1; lastKnownFileType = text.xcconfig; name = "Pods-UserList.debug.xcconfig"; path = "Target Support Files/Pods-UserList/Pods-UserList.debug.xcconfig"; sourceTree = "<group>"; };
		34E7766D1556C1A5EE5830BF /* Pods_UserList.framework */ = {isa = PBXFileReference; explicitFileType = wrapper.framework; includeInIndex = 0; path = Pods_UserList.framework; sourceTree = BUILT_PRODUCTS_DIR; };
		AC0803EE2405656F005B8738 /* UserList.app */ = {isa = PBXFileReference; explicitFileType = wrapper.application; includeInIndex = 0; path = UserList.app; sourceTree = BUILT_PRODUCTS_DIR; };
		AC0803F12405656F005B8738 /* AppDelegate.swift */ = {isa = PBXFileReference; lastKnownFileType = sourcecode.swift; path = AppDelegate.swift; sourceTree = "<group>"; };
		AC0803F32405656F005B8738 /* SceneDelegate.swift */ = {isa = PBXFileReference; lastKnownFileType = sourcecode.swift; path = SceneDelegate.swift; sourceTree = "<group>"; };
		AC0803F52405656F005B8738 /* ViewController.swift */ = {isa = PBXFileReference; lastKnownFileType = sourcecode.swift; path = ViewController.swift; sourceTree = "<group>"; };
		AC0803F82405656F005B8738 /* Base */ = {isa = PBXFileReference; lastKnownFileType = file.storyboard; name = Base; path = Base.lproj/Main.storyboard; sourceTree = "<group>"; };
		AC0803FA24056570005B8738 /* Assets.xcassets */ = {isa = PBXFileReference; lastKnownFileType = folder.assetcatalog; path = Assets.xcassets; sourceTree = "<group>"; };
		AC0803FD24056570005B8738 /* Base */ = {isa = PBXFileReference; lastKnownFileType = file.storyboard; name = Base; path = Base.lproj/LaunchScreen.storyboard; sourceTree = "<group>"; };
		AC0803FF24056570005B8738 /* Info.plist */ = {isa = PBXFileReference; lastKnownFileType = text.plist.xml; path = Info.plist; sourceTree = "<group>"; };
		AC08040A2405689D005B8738 /* User.swift */ = {isa = PBXFileReference; lastKnownFileType = sourcecode.swift; path = User.swift; sourceTree = "<group>"; };
		AC08041124058C19005B8738 /* DetailViewController.swift */ = {isa = PBXFileReference; lastKnownFileType = sourcecode.swift; path = DetailViewController.swift; sourceTree = "<group>"; };
/* End PBXFileReference section */

/* Begin PBXFrameworksBuildPhase section */
		AC0803EB2405656F005B8738 /* Frameworks */ = {
			isa = PBXFrameworksBuildPhase;
			buildActionMask = 2147483647;
			files = (
				DC78336796F89AA965F1BE80 /* Pods_UserList.framework in Frameworks */,
			);
			runOnlyForDeploymentPostprocessing = 0;
		};
/* End PBXFrameworksBuildPhase section */

/* Begin PBXGroup section */
		381EAA245AED9BD187F4D2ED /* Frameworks */ = {
			isa = PBXGroup;
			children = (
				34E7766D1556C1A5EE5830BF /* Pods_UserList.framework */,
			);
			name = Frameworks;
			sourceTree = "<group>";
		};
		3B91F22034B21E611416151A /* Pods */ = {
			isa = PBXGroup;
			children = (
				2221DB214BCF0FF0E5CFC915 /* Pods-UserList.debug.xcconfig */,
				171AAE2283D620D5CF958D09 /* Pods-UserList.release.xcconfig */,
			);
			path = Pods;
			sourceTree = "<group>";
		};
		AC0803E52405656F005B8738 = {
			isa = PBXGroup;
			children = (
				AC0803F02405656F005B8738 /* UserList */,
				AC0803EF2405656F005B8738 /* Products */,
				3B91F22034B21E611416151A /* Pods */,
				381EAA245AED9BD187F4D2ED /* Frameworks */,
			);
			sourceTree = "<group>";
		};
		AC0803EF2405656F005B8738 /* Products */ = {
			isa = PBXGroup;
			children = (
				AC0803EE2405656F005B8738 /* UserList.app */,
			);
			name = Products;
			sourceTree = "<group>";
		};
		AC0803F02405656F005B8738 /* UserList */ = {
			isa = PBXGroup;
			children = (
				AC08040924056862005B8738 /* Dto */,
				AC080407240565D0005B8738 /* Entities */,
				AC080406240565B9005B8738 /* Resources */,
				AC0804052405657D005B8738 /* Base */,
			);
			path = UserList;
			sourceTree = "<group>";
		};
		AC0804052405657D005B8738 /* Base */ = {
			isa = PBXGroup;
			children = (
				AC0803F12405656F005B8738 /* AppDelegate.swift */,
				AC0803F32405656F005B8738 /* SceneDelegate.swift */,
				AC0803FC24056570005B8738 /* LaunchScreen.storyboard */,
				AC0803FF24056570005B8738 /* Info.plist */,
			);
			path = Base;
			sourceTree = "<group>";
		};
		AC080406240565B9005B8738 /* Resources */ = {
			isa = PBXGroup;
			children = (
				AC0803FA24056570005B8738 /* Assets.xcassets */,
			);
			path = Resources;
			sourceTree = "<group>";
		};
		AC080407240565D0005B8738 /* Entities */ = {
			isa = PBXGroup;
			children = (
				AC08040C2405859D005B8738 /* Detail */,
				AC080408240565DB005B8738 /* Main */,
			);
			path = Entities;
			sourceTree = "<group>";
		};
		AC080408240565DB005B8738 /* Main */ = {
			isa = PBXGroup;
			children = (
				AC0803F52405656F005B8738 /* ViewController.swift */,
				AC0803F72405656F005B8738 /* Main.storyboard */,
			);
			path = Main;
			sourceTree = "<group>";
		};
		AC08040924056862005B8738 /* Dto */ = {
			isa = PBXGroup;
			children = (
				AC08040A2405689D005B8738 /* User.swift */,
			);
			path = Dto;
			sourceTree = "<group>";
		};
		AC08040C2405859D005B8738 /* Detail */ = {
			isa = PBXGroup;
			children = (
				AC08041124058C19005B8738 /* DetailViewController.swift */,
			);
			path = Detail;
			sourceTree = "<group>";
		};
/* End PBXGroup section */

/* Begin PBXNativeTarget section */
		AC0803ED2405656F005B8738 /* UserList */ = {
			isa = PBXNativeTarget;
			buildConfigurationList = AC08040224056570005B8738 /* Build configuration list for PBXNativeTarget "UserList" */;
			buildPhases = (
				BAE5DEE5DCCC1D0A410D2A18 /* [CP] Check Pods Manifest.lock */,
				AC0803EA2405656F005B8738 /* Sources */,
				AC0803EB2405656F005B8738 /* Frameworks */,
				AC0803EC2405656F005B8738 /* Resources */,
				D2897572BF5D2812A37AFD90 /* [CP] Embed Pods Frameworks */,
			);
			buildRules = (
			);
			dependencies = (
			);
			name = UserList;
			productName = UserList;
			productReference = AC0803EE2405656F005B8738 /* UserList.app */;
			productType = "com.apple.product-type.application";
		};
/* End PBXNativeTarget section */

/* Begin PBXProject section */
		AC0803E62405656F005B8738 /* Project object */ = {
			isa = PBXProject;
			attributes = {
				LastSwiftUpdateCheck = 1130;
				LastUpgradeCheck = 1130;
				ORGANIZATIONNAME = "Andres Rivas";
				TargetAttributes = {
					AC0803ED2405656F005B8738 = {
						CreatedOnToolsVersion = 11.3.1;
					};
				};
			};
			buildConfigurationList = AC0803E92405656F005B8738 /* Build configuration list for PBXProject "UserList" */;
			compatibilityVersion = "Xcode 9.3";
			developmentRegion = en;
			hasScannedForEncodings = 0;
			knownRegions = (
				en,
				Base,
			);
			mainGroup = AC0803E52405656F005B8738;
			productRefGroup = AC0803EF2405656F005B8738 /* Products */;
			projectDirPath = "";
			projectRoot = "";
			targets = (
				AC0803ED2405656F005B8738 /* UserList */,
			);
		};
/* End PBXProject section */

/* Begin PBXResourcesBuildPhase section */
		AC0803EC2405656F005B8738 /* Resources */ = {
			isa = PBXResourcesBuildPhase;
			buildActionMask = 2147483647;
			files = (
				AC0803FE24056570005B8738 /* LaunchScreen.storyboard in Resources */,
				AC0803FB24056570005B8738 /* Assets.xcassets in Resources */,
				AC0803F92405656F005B8738 /* Main.storyboard in Resources */,
			);
			runOnlyForDeploymentPostprocessing = 0;
		};
/* End PBXResourcesBuildPhase section */

/* Begin PBXShellScriptBuildPhase section */
		BAE5DEE5DCCC1D0A410D2A18 /* [CP] Check Pods Manifest.lock */ = {
			isa = PBXShellScriptBuildPhase;
			buildActionMask = 2147483647;
			files = (
			);
			inputFileListPaths = (
			);
			inputPaths = (
				"${PODS_PODFILE_DIR_PATH}/Podfile.lock",
				"${PODS_ROOT}/Manifest.lock",
			);
			name = "[CP] Check Pods Manifest.lock";
			outputFileListPaths = (
			);
			outputPaths = (
				"$(DERIVED_FILE_DIR)/Pods-UserList-checkManifestLockResult.txt",
			);
			runOnlyForDeploymentPostprocessing = 0;
			shellPath = /bin/sh;
			shellScript = "diff \"${PODS_PODFILE_DIR_PATH}/Podfile.lock\" \"${PODS_ROOT}/Manifest.lock\" > /dev/null\nif [ $? != 0 ] ; then\n    # print error to STDERR\n    echo \"error: The sandbox is not in sync with the Podfile.lock. Run 'pod install' or update your CocoaPods installation.\" >&2\n    exit 1\nfi\n# This output is used by Xcode 'outputs' to avoid re-running this script phase.\necho \"SUCCESS\" > \"${SCRIPT_OUTPUT_FILE_0}\"\n";
			showEnvVarsInLog = 0;
		};
		D2897572BF5D2812A37AFD90 /* [CP] Embed Pods Frameworks */ = {
			isa = PBXShellScriptBuildPhase;
			buildActionMask = 2147483647;
			files = (
			);
			inputFileListPaths = (
				"${PODS_ROOT}/Target Support Files/Pods-UserList/Pods-UserList-frameworks-${CONFIGURATION}-input-files.xcfilelist",
			);
			name = "[CP] Embed Pods Frameworks";
			outputFileListPaths = (
				"${PODS_ROOT}/Target Support Files/Pods-UserList/Pods-UserList-frameworks-${CONFIGURATION}-output-files.xcfilelist",
			);
			runOnlyForDeploymentPostprocessing = 0;
			shellPath = /bin/sh;
			shellScript = "\"${PODS_ROOT}/Target Support Files/Pods-UserList/Pods-UserList-frameworks.sh\"\n";
			showEnvVarsInLog = 0;
		};
/* End PBXShellScriptBuildPhase section */

/* Begin PBXSourcesBuildPhase section */
		AC0803EA2405656F005B8738 /* Sources */ = {
			isa = PBXSourcesBuildPhase;
			buildActionMask = 2147483647;
			files = (
				AC08040B2405689D005B8738 /* User.swift in Sources */,
				AC0803F62405656F005B8738 /* ViewController.swift in Sources */,
				AC08041224058C19005B8738 /* DetailViewController.swift in Sources */,
				AC0803F22405656F005B8738 /* AppDelegate.swift in Sources */,
				AC0803F42405656F005B8738 /* SceneDelegate.swift in Sources */,
			);
			runOnlyForDeploymentPostprocessing = 0;
		};
/* End PBXSourcesBuildPhase section */

/* Begin PBXVariantGroup section */
		AC0803F72405656F005B8738 /* Main.storyboard */ = {
			isa = PBXVariantGroup;
			children = (
				AC0803F82405656F005B8738 /* Base */,
			);
			name = Main.storyboard;
			sourceTree = "<group>";
		};
		AC0803FC24056570005B8738 /* LaunchScreen.storyboard */ = {
			isa = PBXVariantGroup;
			children = (
				AC0803FD24056570005B8738 /* Base */,
			);
			name = LaunchScreen.storyboard;
			sourceTree = "<group>";
		};
/* End PBXVariantGroup section */

/* Begin XCBuildConfiguration section */
		AC08040024056570005B8738 /* Debug */ = {
			isa = XCBuildConfiguration;
			buildSettings = {
				ALWAYS_SEARCH_USER_PATHS = NO;
				CLANG_ANALYZER_NONNULL = YES;
				CLANG_ANALYZER_NUMBER_OBJECT_CONVERSION = YES_AGGRESSIVE;
				CLANG_CXX_LANGUAGE_STANDARD = "gnu++14";
				CLANG_CXX_LIBRARY = "libc++";
				CLANG_ENABLE_MODULES = YES;
				CLANG_ENABLE_OBJC_ARC = YES;
				CLANG_ENABLE_OBJC_WEAK = YES;
				CLANG_WARN_BLOCK_CAPTURE_AUTORELEASING = YES;
				CLANG_WARN_BOOL_CONVERSION = YES;
				CLANG_WARN_COMMA = YES;
				CLANG_WARN_CONSTANT_CONVERSION = YES;
				CLANG_WARN_DEPRECATED_OBJC_IMPLEMENTATIONS = YES;
				CLANG_WARN_DIRECT_OBJC_ISA_USAGE = YES_ERROR;
				CLANG_WARN_DOCUMENTATION_COMMENTS = YES;
				CLANG_WARN_EMPTY_BODY = YES;
				CLANG_WARN_ENUM_CONVERSION = YES;
				CLANG_WARN_INFINITE_RECURSION = YES;
				CLANG_WARN_INT_CONVERSION = YES;
				CLANG_WARN_NON_LITERAL_NULL_CONVERSION = YES;
				CLANG_WARN_OBJC_IMPLICIT_RETAIN_SELF = YES;
				CLANG_WARN_OBJC_LITERAL_CONVERSION = YES;
				CLANG_WARN_OBJC_ROOT_CLASS = YES_ERROR;
				CLANG_WARN_RANGE_LOOP_ANALYSIS = YES;
				CLANG_WARN_STRICT_PROTOTYPES = YES;
				CLANG_WARN_SUSPICIOUS_MOVE = YES;
				CLANG_WARN_UNGUARDED_AVAILABILITY = YES_AGGRESSIVE;
				CLANG_WARN_UNREACHABLE_CODE = YES;
				CLANG_WARN__DUPLICATE_METHOD_MATCH = YES;
				COPY_PHASE_STRIP = NO;
				DEBUG_INFORMATION_FORMAT = dwarf;
				ENABLE_STRICT_OBJC_MSGSEND = YES;
				ENABLE_TESTABILITY = YES;
				GCC_C_LANGUAGE_STANDARD = gnu11;
				GCC_DYNAMIC_NO_PIC = NO;
				GCC_NO_COMMON_BLOCKS = YES;
				GCC_OPTIMIZATION_LEVEL = 0;
				GCC_PREPROCESSOR_DEFINITIONS = (
					"DEBUG=1",
					"$(inherited)",
				);
				GCC_WARN_64_TO_32_BIT_CONVERSION = YES;
				GCC_WARN_ABOUT_RETURN_TYPE = YES_ERROR;
				GCC_WARN_UNDECLARED_SELECTOR = YES;
				GCC_WARN_UNINITIALIZED_AUTOS = YES_AGGRESSIVE;
				GCC_WARN_UNUSED_FUNCTION = YES;
				GCC_WARN_UNUSED_VARIABLE = YES;
				IPHONEOS_DEPLOYMENT_TARGET = 13.2;
				MTL_ENABLE_DEBUG_INFO = INCLUDE_SOURCE;
				MTL_FAST_MATH = YES;
				ONLY_ACTIVE_ARCH = YES;
				SDKROOT = iphoneos;
				SWIFT_ACTIVE_COMPILATION_CONDITIONS = DEBUG;
				SWIFT_OPTIMIZATION_LEVEL = "-Onone";
			};
			name = Debug;
		};
		AC08040124056570005B8738 /* Release */ = {
			isa = XCBuildConfiguration;
			buildSettings = {
				ALWAYS_SEARCH_USER_PATHS = NO;
				CLANG_ANALYZER_NONNULL = YES;
				CLANG_ANALYZER_NUMBER_OBJECT_CONVERSION = YES_AGGRESSIVE;
				CLANG_CXX_LANGUAGE_STANDARD = "gnu++14";
				CLANG_CXX_LIBRARY = "libc++";
				CLANG_ENABLE_MODULES = YES;
				CLANG_ENABLE_OBJC_ARC = YES;
				CLANG_ENABLE_OBJC_WEAK = YES;
				CLANG_WARN_BLOCK_CAPTURE_AUTORELEASING = YES;
				CLANG_WARN_BOOL_CONVERSION = YES;
				CLANG_WARN_COMMA = YES;
				CLANG_WARN_CONSTANT_CONVERSION = YES;
				CLANG_WARN_DEPRECATED_OBJC_IMPLEMENTATIONS = YES;
				CLANG_WARN_DIRECT_OBJC_ISA_USAGE = YES_ERROR;
				CLANG_WARN_DOCUMENTATION_COMMENTS = YES;
				CLANG_WARN_EMPTY_BODY = YES;
				CLANG_WARN_ENUM_CONVERSION = YES;
				CLANG_WARN_INFINITE_RECURSION = YES;
				CLANG_WARN_INT_CONVERSION = YES;
				CLANG_WARN_NON_LITERAL_NULL_CONVERSION = YES;
				CLANG_WARN_OBJC_IMPLICIT_RETAIN_SELF = YES;
				CLANG_WARN_OBJC_LITERAL_CONVERSION = YES;
				CLANG_WARN_OBJC_ROOT_CLASS = YES_ERROR;
				CLANG_WARN_RANGE_LOOP_ANALYSIS = YES;
				CLANG_WARN_STRICT_PROTOTYPES = YES;
				CLANG_WARN_SUSPICIOUS_MOVE = YES;
				CLANG_WARN_UNGUARDED_AVAILABILITY = YES_AGGRESSIVE;
				CLANG_WARN_UNREACHABLE_CODE = YES;
				CLANG_WARN__DUPLICATE_METHOD_MATCH = YES;
				COPY_PHASE_STRIP = NO;
				DEBUG_INFORMATION_FORMAT = "dwarf-with-dsym";
				ENABLE_NS_ASSERTIONS = NO;
				ENABLE_STRICT_OBJC_MSGSEND = YES;
				GCC_C_LANGUAGE_STANDARD = gnu11;
				GCC_NO_COMMON_BLOCKS = YES;
				GCC_WARN_64_TO_32_BIT_CONVERSION = YES;
				GCC_WARN_ABOUT_RETURN_TYPE = YES_ERROR;
				GCC_WARN_UNDECLARED_SELECTOR = YES;
				GCC_WARN_UNINITIALIZED_AUTOS = YES_AGGRESSIVE;
				GCC_WARN_UNUSED_FUNCTION = YES;
				GCC_WARN_UNUSED_VARIABLE = YES;
				IPHONEOS_DEPLOYMENT_TARGET = 13.2;
				MTL_ENABLE_DEBUG_INFO = NO;
				MTL_FAST_MATH = YES;
				SDKROOT = iphoneos;
				SWIFT_COMPILATION_MODE = wholemodule;
				SWIFT_OPTIMIZATION_LEVEL = "-O";
				VALIDATE_PRODUCT = YES;
			};
			name = Release;
		};
		AC08040324056570005B8738 /* Debug */ = {
			isa = XCBuildConfiguration;
			baseConfigurationReference = 2221DB214BCF0FF0E5CFC915 /* Pods-UserList.debug.xcconfig */;
			buildSettings = {
				ASSETCATALOG_COMPILER_APPICON_NAME = AppIcon;
				CODE_SIGN_STYLE = Automatic;
				DEVELOPMENT_TEAM = JDH6F56W4P;
				INFOPLIST_FILE = "$(SRCROOT)/UserList/Base/Info.plist";
				LD_RUNPATH_SEARCH_PATHS = (
					"$(inherited)",
					"@executable_path/Frameworks",
				);
				PRODUCT_BUNDLE_IDENTIFIER = com.ae.UserList;
				PRODUCT_NAME = "$(TARGET_NAME)";
				SWIFT_VERSION = 5.0;
				TARGETED_DEVICE_FAMILY = "1,2";
			};
			name = Debug;
		};
		AC08040424056570005B8738 /* Release */ = {
			isa = XCBuildConfiguration;
			baseConfigurationReference = 171AAE2283D620D5CF958D09 /* Pods-UserList.release.xcconfig */;
			buildSettings = {
				ASSETCATALOG_COMPILER_APPICON_NAME = AppIcon;
				CODE_SIGN_STYLE = Automatic;
				DEVELOPMENT_TEAM = JDH6F56W4P;
				INFOPLIST_FILE = "$(SRCROOT)/UserList/Base/Info.plist";
				LD_RUNPATH_SEARCH_PATHS = (
					"$(inherited)",
					"@executable_path/Frameworks",
				);
				PRODUCT_BUNDLE_IDENTIFIER = com.ae.UserList;
				PRODUCT_NAME = "$(TARGET_NAME)";
				SWIFT_VERSION = 5.0;
				TARGETED_DEVICE_FAMILY = "1,2";
			};
			name = Release;
		};
/* End XCBuildConfiguration section */

/* Begin XCConfigurationList section */
		AC0803E92405656F005B8738 /* Build configuration list for PBXProject "UserList" */ = {
			isa = XCConfigurationList;
			buildConfigurations = (
				AC08040024056570005B8738 /* Debug */,
				AC08040124056570005B8738 /* Release */,
			);
			defaultConfigurationIsVisible = 0;
			defaultConfigurationName = Release;
		};
		AC08040224056570005B8738 /* Build configuration list for PBXNativeTarget "UserList" */ = {
			isa = XCConfigurationList;
			buildConfigurations = (
				AC08040324056570005B8738 /* Debug */,
				AC08040424056570005B8738 /* Release */,
			);
			defaultConfigurationIsVisible = 0;
			defaultConfigurationName = Release;
		};
/* End XCConfigurationList section */
	};
	rootObject = AC0803E62405656F005B8738 /* Project object */;
}
